
Microsoft Visual Studio Solution File, Format Version 11.00
# Visual Studio 2010
Project("{FAE04EC0-301F-11D3-BF4B-00C04F79EFBC}") = "Assembly-CSharp", "Assembly-CSharp.csproj", "{2D50EB4E-39D9-8AD9-7D8F-CD7A2088029C}"
EndProject
Project("{FAE04EC0-301F-11D3-BF4B-00C04F79EFBC}") = "UniRx", "UniRx.csproj", "{431EE421-41F5-82F6-4CE9-0E514831350E}"
EndProject
Project("{FAE04EC0-301F-11D3-BF4B-00C04F79EFBC}") = "Assembly-CSharp-firstpass", "Assembly-CSharp-firstpass.csproj", "{4B6D768D-83DF-50D5-C297-E903FBC5F375}"
EndProject
Project("{FAE04EC0-301F-11D3-BF4B-00C04F79EFBC}") = "Assembly-CSharp-Editor-firstpass", "Assembly-CSharp-Editor-firstpass.csproj", "{6028F350-EAB8-0F71-1437-0A06B14AE4D3}"
EndProject
Global
	GlobalSection(SolutionConfigurationPlatforms) = preSolution
		Debug|Any CPU = Debug|Any CPU
		Release|Any CPU = Release|Any CPU
	EndGlobalSection
	GlobalSection(ProjectConfigurationPlatforms) = postSolution
		{2D50EB4E-39D9-8AD9-7D8F-CD7A2088029C}.Debug|Any CPU.ActiveCfg = Debug|Any CPU
		{2D50EB4E-39D9-8AD9-7D8F-CD7A2088029C}.Debug|Any CPU.Build.0 = Debug|Any CPU
		{2D50EB4E-39D9-8AD9-7D8F-CD7A2088029C}.Release|Any CPU.ActiveCfg = Release|Any CPU
		{2D50EB4E-39D9-8AD9-7D8F-CD7A2088029C}.Release|Any CPU.Build.0 = Release|Any CPU
		{431EE421-41F5-82F6-4CE9-0E514831350E}.Debug|Any CPU.ActiveCfg = Debug|Any CPU
		{431EE421-41F5-82F6-4CE9-0E514831350E}.Debug|Any CPU.Build.0 = Debug|Any CPU
		{431EE421-41F5-82F6-4CE9-0E514831350E}.Release|Any CPU.ActiveCfg = Release|Any CPU
		{431EE421-41F5-82F6-4CE9-0E514831350E}.Release|Any CPU.Build.0 = Release|Any CPU
		{4B6D768D-83DF-50D5-C297-E903FBC5F375}.Debug|Any CPU.ActiveCfg = Debug|Any CPU
		{4B6D768D-83DF-50D5-C297-E903FBC5F375}.Debug|Any CPU.Build.0 = Debug|Any CPU
		{4B6D768D-83DF-50D5-C297-E903FBC5F375}.Release|Any CPU.ActiveCfg = Release|Any CPU
		{4B6D768D-83DF-50D5-C297-E903FBC5F375}.Release|Any CPU.Build.0 = Release|Any CPU
		{6028F350-EAB8-0F71-1437-0A06B14AE4D3}.Debug|Any CPU.ActiveCfg = Debug|Any CPU
		{6028F350-EAB8-0F71-1437-0A06B14AE4D3}.Debug|Any CPU.Build.0 = Debug|Any CPU
		{6028F350-EAB8-0F71-1437-0A06B14AE4D3}.Release|Any CPU.ActiveCfg = Release|Any CPU
		{6028F350-EAB8-0F71-1437-0A06B14AE4D3}.Release|Any CPU.Build.0 = Release|Any CPU
	EndGlobalSection
	GlobalSection(SolutionProperties) = preSolution
		HideSolutionNode = FALSE
	EndGlobalSection
EndGlobal
